
Microsoft Visual Studio Solution File, Format Version 12.00
# Visual Studio 2012
Project("{FAE04EC0-301F-11D3-BF4B-00C04F79EFBC}") = "Emojicon.Droid", "Emojicon.Droid\Emojicon.Droid.csproj", "{E6E35C6D-6C62-48C3-B1F3-E5A2491395AE}"
EndProject
Global
	GlobalSection(SolutionConfigurationPlatforms) = preSolution
		Debug|Any CPU = Debug|Any CPU
		Release|Any CPU = Release|Any CPU
	EndGlobalSection
	GlobalSection(ProjectConfigurationPlatforms) = postSolution
		{E6E35C6D-6C62-48C3-B1F3-E5A2491395AE}.Debug|Any CPU.ActiveCfg = Debug|Any CPU
		{E6E35C6D-6C62-48C3-B1F3-E5A2491395AE}.Debug|Any CPU.Build.0 = Debug|Any CPU
		{E6E35C6D-6C62-48C3-B1F3-E5A2491395AE}.Release|Any CPU.ActiveCfg = Release|Any CPU
		{E6E35C6D-6C62-48C3-B1F3-E5A2491395AE}.Release|Any CPU.Build.0 = Release|Any CPU
	EndGlobalSection
EndGlobal
